
Microsoft Visual Studio Solution File, Format Version 12.00
# Visual Studio Version 17
VisualStudioVersion = 17.0.31903.59
MinimumVisualStudioVersion = 10.0.40219.1
Project("{FAE04EC0-301F-11D3-BF4B-00C04F79EFBC}") = ".CodeTemplate", ".CodeTemplate\.CodeTemplate.csproj", "{8B57B59E-DCCC-498F-9386-5B086D5E9F40}"
EndProject
Project("{FAE04EC0-301F-11D3-BF4B-00C04F79EFBC}") = "HandleCommandTriggered", "HandleCommandTriggered\HandleCommandTriggered.csproj", "{29615B23-42FB-4C0D-9F12-C5BF7C8BAF4F}"
EndProject
Project("{FAE04EC0-301F-11D3-BF4B-00C04F79EFBC}") = "HandleMessage", "HandleMessage\HandleMessage.csproj", "{37394273-5D0D-4D21-995A-D4B953878BF1}"
EndProject
Project("{FAE04EC0-301F-11D3-BF4B-00C04F79EFBC}") = "HandleSub", "HandleSub\HandleSub.csproj", "{A51A08D3-1097-4527-B80B-A034303A281D}"
EndProject
Global
	GlobalSection(SolutionConfigurationPlatforms) = preSolution
		Debug|Any CPU = Debug|Any CPU
		Release|Any CPU = Release|Any CPU
	EndGlobalSection
	GlobalSection(SolutionProperties) = preSolution
		HideSolutionNode = FALSE
	EndGlobalSection
	GlobalSection(ProjectConfigurationPlatforms) = postSolution
		{8B57B59E-DCCC-498F-9386-5B086D5E9F40}.Debug|Any CPU.ActiveCfg = Debug|Any CPU
		{8B57B59E-DCCC-498F-9386-5B086D5E9F40}.Debug|Any CPU.Build.0 = Debug|Any CPU
		{8B57B59E-DCCC-498F-9386-5B086D5E9F40}.Release|Any CPU.ActiveCfg = Release|Any CPU
		{8B57B59E-DCCC-498F-9386-5B086D5E9F40}.Release|Any CPU.Build.0 = Release|Any CPU
		{29615B23-42FB-4C0D-9F12-C5BF7C8BAF4F}.Debug|Any CPU.ActiveCfg = Debug|Any CPU
		{29615B23-42FB-4C0D-9F12-C5BF7C8BAF4F}.Debug|Any CPU.Build.0 = Debug|Any CPU
		{29615B23-42FB-4C0D-9F12-C5BF7C8BAF4F}.Release|Any CPU.ActiveCfg = Release|Any CPU
		{29615B23-42FB-4C0D-9F12-C5BF7C8BAF4F}.Release|Any CPU.Build.0 = Release|Any CPU
		{37394273-5D0D-4D21-995A-D4B953878BF1}.Debug|Any CPU.ActiveCfg = Debug|Any CPU
		{37394273-5D0D-4D21-995A-D4B953878BF1}.Debug|Any CPU.Build.0 = Debug|Any CPU
		{37394273-5D0D-4D21-995A-D4B953878BF1}.Release|Any CPU.ActiveCfg = Release|Any CPU
		{37394273-5D0D-4D21-995A-D4B953878BF1}.Release|Any CPU.Build.0 = Release|Any CPU
		{A51A08D3-1097-4527-B80B-A034303A281D}.Debug|Any CPU.ActiveCfg = Debug|Any CPU
		{A51A08D3-1097-4527-B80B-A034303A281D}.Debug|Any CPU.Build.0 = Debug|Any CPU
		{A51A08D3-1097-4527-B80B-A034303A281D}.Release|Any CPU.ActiveCfg = Release|Any CPU
		{A51A08D3-1097-4527-B80B-A034303A281D}.Release|Any CPU.Build.0 = Release|Any CPU
	EndGlobalSection
EndGlobal
